// !$*UTF8*$!
{
	archiveVersion = 1;
	classes = {
	};
	objectVersion = 56;
	objects = {

/* Begin PBXBuildFile section */
		8416C8EB2B54356D006D2509 /* EILATApp.swift in Sources */ = {isa = PBXBuildFile; fileRef = 8416C8EA2B54356D006D2509 /* EILATApp.swift */; };
		8416C8ED2B54356D006D2509 /* ContentView.swift in Sources */ = {isa = PBXBuildFile; fileRef = 8416C8EC2B54356D006D2509 /* ContentView.swift */; };
		8416C8EF2B54356F006D2509 /* Assets.xcassets in Resources */ = {isa = PBXBuildFile; fileRef = 8416C8EE2B54356F006D2509 /* Assets.xcassets */; };
		8416C8F22B54356F006D2509 /* Preview Assets.xcassets in Resources */ = {isa = PBXBuildFile; fileRef = 8416C8F12B54356F006D2509 /* Preview Assets.xcassets */; };
		8416C8FC2B54356F006D2509 /* EILATTests.swift in Sources */ = {isa = PBXBuildFile; fileRef = 8416C8FB2B54356F006D2509 /* EILATTests.swift */; };
		8416C9062B54356F006D2509 /* EILATUITests.swift in Sources */ = {isa = PBXBuildFile; fileRef = 8416C9052B54356F006D2509 /* EILATUITests.swift */; };
		8416C9082B54356F006D2509 /* EILATUITestsLaunchTests.swift in Sources */ = {isa = PBXBuildFile; fileRef = 8416C9072B54356F006D2509 /* EILATUITestsLaunchTests.swift */; };
		8416C9152B5435B1006D2509 /* Patient.swift in Sources */ = {isa = PBXBuildFile; fileRef = 8416C9142B5435B1006D2509 /* Patient.swift */; };
		8416C9172B54413F006D2509 /* Appointment.swift in Sources */ = {isa = PBXBuildFile; fileRef = 8416C9162B54413F006D2509 /* Appointment.swift */; };
		8416C91B2B544237006D2509 /* Prescription.swift in Sources */ = {isa = PBXBuildFile; fileRef = 8416C91A2B544237006D2509 /* Prescription.swift */; };
		848138932B5C74530062D21A /* MainToolbar.swift in Sources */ = {isa = PBXBuildFile; fileRef = 848138922B5C74530062D21A /* MainToolbar.swift */; };
		848138962B5C75960062D21A /* ContentViewViewModel.swift in Sources */ = {isa = PBXBuildFile; fileRef = 848138952B5C75960062D21A /* ContentViewViewModel.swift */; };
		8481389A2B5C777B0062D21A /* NewPatientSheetView.swift in Sources */ = {isa = PBXBuildFile; fileRef = 848138992B5C777B0062D21A /* NewPatientSheetView.swift */; };
		8481389C2B5C79A20062D21A /* NewAppointmentSheetView.swift in Sources */ = {isa = PBXBuildFile; fileRef = 8481389B2B5C79A20062D21A /* NewAppointmentSheetView.swift */; };
		8481389E2B5D5B870062D21A /* NewPrescriptionSheetView.swift in Sources */ = {isa = PBXBuildFile; fileRef = 8481389D2B5D5B870062D21A /* NewPrescriptionSheetView.swift */; };
		848138A02B5D6A630062D21A /* AppointmentsListView.swift in Sources */ = {isa = PBXBuildFile; fileRef = 8481389F2B5D6A630062D21A /* AppointmentsListView.swift */; };
		848138A22B5D6B330062D21A /* PatientsListView.swift in Sources */ = {isa = PBXBuildFile; fileRef = 848138A12B5D6B330062D21A /* PatientsListView.swift */; };
		84D95E1D2B65857900AD66EC /* NewNoteView.swift in Sources */ = {isa = PBXBuildFile; fileRef = 84D95E1C2B65857900AD66EC /* NewNoteView.swift */; };
		84D95E1F2B65960500AD66EC /* PatientDetailedView.swift in Sources */ = {isa = PBXBuildFile; fileRef = 84D95E1E2B65960500AD66EC /* PatientDetailedView.swift */; };
		84D95E5D2B66684A00AD66EC /* AppointmentListDetailView.swift in Sources */ = {isa = PBXBuildFile; fileRef = 84D95E5C2B66684A00AD66EC /* AppointmentListDetailView.swift */; };
		84DD99582B63D6910042DF95 /* Note.swift in Sources */ = {isa = PBXBuildFile; fileRef = 84DD99572B63D6910042DF95 /* Note.swift */; };
		84DD995D2B63E6AC0042DF95 /* UpdatePatientSheetView.swift in Sources */ = {isa = PBXBuildFile; fileRef = 84DD995C2B63E6AC0042DF95 /* UpdatePatientSheetView.swift */; };
/* End PBXBuildFile section */

/* Begin PBXContainerItemProxy section */
		8416C8F82B54356F006D2509 /* PBXContainerItemProxy */ = {
			isa = PBXContainerItemProxy;
			containerPortal = 8416C8DF2B54356D006D2509 /* Project object */;
			proxyType = 1;
			remoteGlobalIDString = 8416C8E62B54356D006D2509;
			remoteInfo = EILAT;
		};
		8416C9022B54356F006D2509 /* PBXContainerItemProxy */ = {
			isa = PBXContainerItemProxy;
			containerPortal = 8416C8DF2B54356D006D2509 /* Project object */;
			proxyType = 1;
			remoteGlobalIDString = 8416C8E62B54356D006D2509;
			remoteInfo = EILAT;
		};
/* End PBXContainerItemProxy section */

/* Begin PBXFileReference section */
		8416C8E72B54356D006D2509 /* EILAT.app */ = {isa = PBXFileReference; explicitFileType = wrapper.application; includeInIndex = 0; path = EILAT.app; sourceTree = BUILT_PRODUCTS_DIR; };
		8416C8EA2B54356D006D2509 /* EILATApp.swift */ = {isa = PBXFileReference; lastKnownFileType = sourcecode.swift; path = EILATApp.swift; sourceTree = "<group>"; };
		8416C8EC2B54356D006D2509 /* ContentView.swift */ = {isa = PBXFileReference; lastKnownFileType = sourcecode.swift; path = ContentView.swift; sourceTree = "<group>"; };
		8416C8EE2B54356F006D2509 /* Assets.xcassets */ = {isa = PBXFileReference; lastKnownFileType = folder.assetcatalog; path = Assets.xcassets; sourceTree = "<group>"; };
		8416C8F12B54356F006D2509 /* Preview Assets.xcassets */ = {isa = PBXFileReference; lastKnownFileType = folder.assetcatalog; path = "Preview Assets.xcassets"; sourceTree = "<group>"; };
		8416C8F72B54356F006D2509 /* EILATTests.xctest */ = {isa = PBXFileReference; explicitFileType = wrapper.cfbundle; includeInIndex = 0; path = EILATTests.xctest; sourceTree = BUILT_PRODUCTS_DIR; };
		8416C8FB2B54356F006D2509 /* EILATTests.swift */ = {isa = PBXFileReference; lastKnownFileType = sourcecode.swift; path = EILATTests.swift; sourceTree = "<group>"; };
		8416C9012B54356F006D2509 /* EILATUITests.xctest */ = {isa = PBXFileReference; explicitFileType = wrapper.cfbundle; includeInIndex = 0; path = EILATUITests.xctest; sourceTree = BUILT_PRODUCTS_DIR; };
		8416C9052B54356F006D2509 /* EILATUITests.swift */ = {isa = PBXFileReference; lastKnownFileType = sourcecode.swift; path = EILATUITests.swift; sourceTree = "<group>"; };
		8416C9072B54356F006D2509 /* EILATUITestsLaunchTests.swift */ = {isa = PBXFileReference; lastKnownFileType = sourcecode.swift; path = EILATUITestsLaunchTests.swift; sourceTree = "<group>"; };
		8416C9142B5435B1006D2509 /* Patient.swift */ = {isa = PBXFileReference; lastKnownFileType = sourcecode.swift; path = Patient.swift; sourceTree = "<group>"; };
		8416C9162B54413F006D2509 /* Appointment.swift */ = {isa = PBXFileReference; lastKnownFileType = sourcecode.swift; path = Appointment.swift; sourceTree = "<group>"; };
		8416C91A2B544237006D2509 /* Prescription.swift */ = {isa = PBXFileReference; lastKnownFileType = sourcecode.swift; path = Prescription.swift; sourceTree = "<group>"; };
		848138922B5C74530062D21A /* MainToolbar.swift */ = {isa = PBXFileReference; lastKnownFileType = sourcecode.swift; path = MainToolbar.swift; sourceTree = "<group>"; };
		848138952B5C75960062D21A /* ContentViewViewModel.swift */ = {isa = PBXFileReference; lastKnownFileType = sourcecode.swift; path = ContentViewViewModel.swift; sourceTree = "<group>"; };
		848138992B5C777B0062D21A /* NewPatientSheetView.swift */ = {isa = PBXFileReference; lastKnownFileType = sourcecode.swift; path = NewPatientSheetView.swift; sourceTree = "<group>"; };
		8481389B2B5C79A20062D21A /* NewAppointmentSheetView.swift */ = {isa = PBXFileReference; lastKnownFileType = sourcecode.swift; path = NewAppointmentSheetView.swift; sourceTree = "<group>"; };
		8481389D2B5D5B870062D21A /* NewPrescriptionSheetView.swift */ = {isa = PBXFileReference; lastKnownFileType = sourcecode.swift; path = NewPrescriptionSheetView.swift; sourceTree = "<group>"; };
		8481389F2B5D6A630062D21A /* AppointmentsListView.swift */ = {isa = PBXFileReference; lastKnownFileType = sourcecode.swift; path = AppointmentsListView.swift; sourceTree = "<group>"; };
		848138A12B5D6B330062D21A /* PatientsListView.swift */ = {isa = PBXFileReference; lastKnownFileType = sourcecode.swift; path = PatientsListView.swift; sourceTree = "<group>"; };
		84D95E1C2B65857900AD66EC /* NewNoteView.swift */ = {isa = PBXFileReference; lastKnownFileType = sourcecode.swift; path = NewNoteView.swift; sourceTree = "<group>"; };
		84D95E1E2B65960500AD66EC /* PatientDetailedView.swift */ = {isa = PBXFileReference; lastKnownFileType = sourcecode.swift; path = PatientDetailedView.swift; sourceTree = "<group>"; };
		84D95E5C2B66684A00AD66EC /* AppointmentListDetailView.swift */ = {isa = PBXFileReference; lastKnownFileType = sourcecode.swift; path = AppointmentListDetailView.swift; sourceTree = "<group>"; };
		84DD99572B63D6910042DF95 /* Note.swift */ = {isa = PBXFileReference; lastKnownFileType = sourcecode.swift; path = Note.swift; sourceTree = "<group>"; };
		84DD995C2B63E6AC0042DF95 /* UpdatePatientSheetView.swift */ = {isa = PBXFileReference; lastKnownFileType = sourcecode.swift; path = UpdatePatientSheetView.swift; sourceTree = "<group>"; };
/* End PBXFileReference section */

/* Begin PBXFrameworksBuildPhase section */
		8416C8E42B54356D006D2509 /* Frameworks */ = {
			isa = PBXFrameworksBuildPhase;
			buildActionMask = 2147483647;
			files = (
			);
			runOnlyForDeploymentPostprocessing = 0;
		};
		8416C8F42B54356F006D2509 /* Frameworks */ = {
			isa = PBXFrameworksBuildPhase;
			buildActionMask = 2147483647;
			files = (
			);
			runOnlyForDeploymentPostprocessing = 0;
		};
		8416C8FE2B54356F006D2509 /* Frameworks */ = {
			isa = PBXFrameworksBuildPhase;
			buildActionMask = 2147483647;
			files = (
			);
			runOnlyForDeploymentPostprocessing = 0;
		};
/* End PBXFrameworksBuildPhase section */

/* Begin PBXGroup section */
		8416C8DE2B54356D006D2509 = {
			isa = PBXGroup;
			children = (
				8416C8E92B54356D006D2509 /* EILAT */,
				8416C8FA2B54356F006D2509 /* EILATTests */,
				8416C9042B54356F006D2509 /* EILATUITests */,
				8416C8E82B54356D006D2509 /* Products */,
			);
			sourceTree = "<group>";
		};
		8416C8E82B54356D006D2509 /* Products */ = {
			isa = PBXGroup;
			children = (
				8416C8E72B54356D006D2509 /* EILAT.app */,
				8416C8F72B54356F006D2509 /* EILATTests.xctest */,
				8416C9012B54356F006D2509 /* EILATUITests.xctest */,
			);
			name = Products;
			sourceTree = "<group>";
		};
		8416C8E92B54356D006D2509 /* EILAT */ = {
			isa = PBXGroup;
			children = (
				8416C8EA2B54356D006D2509 /* EILATApp.swift */,
				8416C8EC2B54356D006D2509 /* ContentView.swift */,
				848138942B5C75760062D21A /* ViewModels */,
				848138912B5C74310062D21A /* Views */,
				848138902B5C717E0062D21A /* Models */,
				8416C8EE2B54356F006D2509 /* Assets.xcassets */,
				8416C8F02B54356F006D2509 /* Preview Content */,
			);
			path = EILAT;
			sourceTree = "<group>";
		};
		8416C8F02B54356F006D2509 /* Preview Content */ = {
			isa = PBXGroup;
			children = (
				8416C8F12B54356F006D2509 /* Preview Assets.xcassets */,
			);
			path = "Preview Content";
			sourceTree = "<group>";
		};
		8416C8FA2B54356F006D2509 /* EILATTests */ = {
			isa = PBXGroup;
			children = (
				8416C8FB2B54356F006D2509 /* EILATTests.swift */,
			);
			path = EILATTests;
			sourceTree = "<group>";
		};
		8416C9042B54356F006D2509 /* EILATUITests */ = {
			isa = PBXGroup;
			children = (
				8416C9052B54356F006D2509 /* EILATUITests.swift */,
				8416C9072B54356F006D2509 /* EILATUITestsLaunchTests.swift */,
			);
			path = EILATUITests;
			sourceTree = "<group>";
		};
		848138902B5C717E0062D21A /* Models */ = {
			isa = PBXGroup;
			children = (
				8416C9162B54413F006D2509 /* Appointment.swift */,
				8416C91A2B544237006D2509 /* Prescription.swift */,
				8416C9142B5435B1006D2509 /* Patient.swift */,
				84DD99572B63D6910042DF95 /* Note.swift */,
			);
			path = Models;
			sourceTree = "<group>";
		};
		848138912B5C74310062D21A /* Views */ = {
			isa = PBXGroup;
			children = (
				848138922B5C74530062D21A /* MainToolbar.swift */,
				84DD995A2B63E1C10042DF95 /* AppointmentViews */,
				84DD99592B63E19B0042DF95 /* PatientViews */,
				84D95E1B2B65856100AD66EC /* NoteViews */,
				84DD995B2B63E2CF0042DF95 /* PrescriptionViews */,
			);
			path = Views;
			sourceTree = "<group>";
		};
		848138942B5C75760062D21A /* ViewModels */ = {
			isa = PBXGroup;
			children = (
				848138952B5C75960062D21A /* ContentViewViewModel.swift */,
			);
			path = ViewModels;
			sourceTree = "<group>";
		};
		84D95E1B2B65856100AD66EC /* NoteViews */ = {
			isa = PBXGroup;
			children = (
				84D95E1C2B65857900AD66EC /* NewNoteView.swift */,
			);
			path = NoteViews;
			sourceTree = "<group>";
		};
		84DD99592B63E19B0042DF95 /* PatientViews */ = {
			isa = PBXGroup;
			children = (
				848138A12B5D6B330062D21A /* PatientsListView.swift */,
				84D95E1E2B65960500AD66EC /* PatientDetailedView.swift */,
				84DD995C2B63E6AC0042DF95 /* UpdatePatientSheetView.swift */,
				848138992B5C777B0062D21A /* NewPatientSheetView.swift */,
			);
			path = PatientViews;
			sourceTree = "<group>";
		};
		84DD995A2B63E1C10042DF95 /* AppointmentViews */ = {
			isa = PBXGroup;
			children = (
				8481389F2B5D6A630062D21A /* AppointmentsListView.swift */,
				84D95E5C2B66684A00AD66EC /* AppointmentListDetailView.swift */,
				8481389B2B5C79A20062D21A /* NewAppointmentSheetView.swift */,
			);
			path = AppointmentViews;
			sourceTree = "<group>";
		};
		84DD995B2B63E2CF0042DF95 /* PrescriptionViews */ = {
			isa = PBXGroup;
			children = (
				8481389D2B5D5B870062D21A /* NewPrescriptionSheetView.swift */,
			);
			path = PrescriptionViews;
			sourceTree = "<group>";
		};
/* End PBXGroup section */

/* Begin PBXNativeTarget section */
		8416C8E62B54356D006D2509 /* EILAT */ = {
			isa = PBXNativeTarget;
			buildConfigurationList = 8416C90B2B54356F006D2509 /* Build configuration list for PBXNativeTarget "EILAT" */;
			buildPhases = (
				8416C8E32B54356D006D2509 /* Sources */,
				8416C8E42B54356D006D2509 /* Frameworks */,
				8416C8E52B54356D006D2509 /* Resources */,
			);
			buildRules = (
			);
			dependencies = (
			);
			name = EILAT;
			productName = EILAT;
			productReference = 8416C8E72B54356D006D2509 /* EILAT.app */;
			productType = "com.apple.product-type.application";
		};
		8416C8F62B54356F006D2509 /* EILATTests */ = {
			isa = PBXNativeTarget;
			buildConfigurationList = 8416C90E2B54356F006D2509 /* Build configuration list for PBXNativeTarget "EILATTests" */;
			buildPhases = (
				8416C8F32B54356F006D2509 /* Sources */,
				8416C8F42B54356F006D2509 /* Frameworks */,
				8416C8F52B54356F006D2509 /* Resources */,
			);
			buildRules = (
			);
			dependencies = (
				8416C8F92B54356F006D2509 /* PBXTargetDependency */,
			);
			name = EILATTests;
			productName = EILATTests;
			productReference = 8416C8F72B54356F006D2509 /* EILATTests.xctest */;
			productType = "com.apple.product-type.bundle.unit-test";
		};
		8416C9002B54356F006D2509 /* EILATUITests */ = {
			isa = PBXNativeTarget;
			buildConfigurationList = 8416C9112B54356F006D2509 /* Build configuration list for PBXNativeTarget "EILATUITests" */;
			buildPhases = (
				8416C8FD2B54356F006D2509 /* Sources */,
				8416C8FE2B54356F006D2509 /* Frameworks */,
				8416C8FF2B54356F006D2509 /* Resources */,
			);
			buildRules = (
			);
			dependencies = (
				8416C9032B54356F006D2509 /* PBXTargetDependency */,
			);
			name = EILATUITests;
			productName = EILATUITests;
			productReference = 8416C9012B54356F006D2509 /* EILATUITests.xctest */;
			productType = "com.apple.product-type.bundle.ui-testing";
		};
/* End PBXNativeTarget section */

/* Begin PBXProject section */
		8416C8DF2B54356D006D2509 /* Project object */ = {
			isa = PBXProject;
			attributes = {
				BuildIndependentTargetsInParallel = 1;
				LastSwiftUpdateCheck = 1520;
				LastUpgradeCheck = 1520;
				TargetAttributes = {
					8416C8E62B54356D006D2509 = {
						CreatedOnToolsVersion = 15.2;
					};
					8416C8F62B54356F006D2509 = {
						CreatedOnToolsVersion = 15.2;
						TestTargetID = 8416C8E62B54356D006D2509;
					};
					8416C9002B54356F006D2509 = {
						CreatedOnToolsVersion = 15.2;
						TestTargetID = 8416C8E62B54356D006D2509;
					};
				};
			};
			buildConfigurationList = 8416C8E22B54356D006D2509 /* Build configuration list for PBXProject "EILAT" */;
			compatibilityVersion = "Xcode 14.0";
			developmentRegion = en;
			hasScannedForEncodings = 0;
			knownRegions = (
				en,
				Base,
			);
			mainGroup = 8416C8DE2B54356D006D2509;
			productRefGroup = 8416C8E82B54356D006D2509 /* Products */;
			projectDirPath = "";
			projectRoot = "";
			targets = (
				8416C8E62B54356D006D2509 /* EILAT */,
				8416C8F62B54356F006D2509 /* EILATTests */,
				8416C9002B54356F006D2509 /* EILATUITests */,
			);
		};
/* End PBXProject section */

/* Begin PBXResourcesBuildPhase section */
		8416C8E52B54356D006D2509 /* Resources */ = {
			isa = PBXResourcesBuildPhase;
			buildActionMask = 2147483647;
			files = (
				8416C8F22B54356F006D2509 /* Preview Assets.xcassets in Resources */,
				8416C8EF2B54356F006D2509 /* Assets.xcassets in Resources */,
			);
			runOnlyForDeploymentPostprocessing = 0;
		};
		8416C8F52B54356F006D2509 /* Resources */ = {
			isa = PBXResourcesBuildPhase;
			buildActionMask = 2147483647;
			files = (
			);
			runOnlyForDeploymentPostprocessing = 0;
		};
		8416C8FF2B54356F006D2509 /* Resources */ = {
			isa = PBXResourcesBuildPhase;
			buildActionMask = 2147483647;
			files = (
			);
			runOnlyForDeploymentPostprocessing = 0;
		};
/* End PBXResourcesBuildPhase section */

/* Begin PBXSourcesBuildPhase section */
		8416C8E32B54356D006D2509 /* Sources */ = {
			isa = PBXSourcesBuildPhase;
			buildActionMask = 2147483647;
			files = (
				84D95E1F2B65960500AD66EC /* PatientDetailedView.swift in Sources */,
				8416C8ED2B54356D006D2509 /* ContentView.swift in Sources */,
				8416C8EB2B54356D006D2509 /* EILATApp.swift in Sources */,
				848138962B5C75960062D21A /* ContentViewViewModel.swift in Sources */,
				84DD995D2B63E6AC0042DF95 /* UpdatePatientSheetView.swift in Sources */,
				8416C91B2B544237006D2509 /* Prescription.swift in Sources */,
				848138A22B5D6B330062D21A /* PatientsListView.swift in Sources */,
				84DD99582B63D6910042DF95 /* Note.swift in Sources */,
				848138932B5C74530062D21A /* MainToolbar.swift in Sources */,
				8481389E2B5D5B870062D21A /* NewPrescriptionSheetView.swift in Sources */,
				8481389C2B5C79A20062D21A /* NewAppointmentSheetView.swift in Sources */,
				848138A02B5D6A630062D21A /* AppointmentsListView.swift in Sources */,
				84D95E5D2B66684A00AD66EC /* AppointmentListDetailView.swift in Sources */,
				8416C9152B5435B1006D2509 /* Patient.swift in Sources */,
				8416C9172B54413F006D2509 /* Appointment.swift in Sources */,
				84D95E1D2B65857900AD66EC /* NewNoteView.swift in Sources */,
				8481389A2B5C777B0062D21A /* NewPatientSheetView.swift in Sources */,
			);
			runOnlyForDeploymentPostprocessing = 0;
		};
		8416C8F32B54356F006D2509 /* Sources */ = {
			isa = PBXSourcesBuildPhase;
			buildActionMask = 2147483647;
			files = (
				8416C8FC2B54356F006D2509 /* EILATTests.swift in Sources */,
			);
			runOnlyForDeploymentPostprocessing = 0;
		};
		8416C8FD2B54356F006D2509 /* Sources */ = {
			isa = PBXSourcesBuildPhase;
			buildActionMask = 2147483647;
			files = (
				8416C9082B54356F006D2509 /* EILATUITestsLaunchTests.swift in Sources */,
				8416C9062B54356F006D2509 /* EILATUITests.swift in Sources */,
			);
			runOnlyForDeploymentPostprocessing = 0;
		};
/* End PBXSourcesBuildPhase section */

/* Begin PBXTargetDependency section */
		8416C8F92B54356F006D2509 /* PBXTargetDependency */ = {
			isa = PBXTargetDependency;
			target = 8416C8E62B54356D006D2509 /* EILAT */;
			targetProxy = 8416C8F82B54356F006D2509 /* PBXContainerItemProxy */;
		};
		8416C9032B54356F006D2509 /* PBXTargetDependency */ = {
			isa = PBXTargetDependency;
			target = 8416C8E62B54356D006D2509 /* EILAT */;
			targetProxy = 8416C9022B54356F006D2509 /* PBXContainerItemProxy */;
		};
/* End PBXTargetDependency section */

/* Begin XCBuildConfiguration section */
		8416C9092B54356F006D2509 /* Debug */ = {
			isa = XCBuildConfiguration;
			buildSettings = {
				ALWAYS_SEARCH_USER_PATHS = NO;
				ASSETCATALOG_COMPILER_GENERATE_SWIFT_ASSET_SYMBOL_EXTENSIONS = YES;
				CLANG_ANALYZER_NONNULL = YES;
				CLANG_ANALYZER_NUMBER_OBJECT_CONVERSION = YES_AGGRESSIVE;
				CLANG_CXX_LANGUAGE_STANDARD = "gnu++20";
				CLANG_ENABLE_MODULES = YES;
				CLANG_ENABLE_OBJC_ARC = YES;
				CLANG_ENABLE_OBJC_WEAK = YES;
				CLANG_WARN_BLOCK_CAPTURE_AUTORELEASING = YES;
				CLANG_WARN_BOOL_CONVERSION = YES;
				CLANG_WARN_COMMA = YES;
				CLANG_WARN_CONSTANT_CONVERSION = YES;
				CLANG_WARN_DEPRECATED_OBJC_IMPLEMENTATIONS = YES;
				CLANG_WARN_DIRECT_OBJC_ISA_USAGE = YES_ERROR;
				CLANG_WARN_DOCUMENTATION_COMMENTS = YES;
				CLANG_WARN_EMPTY_BODY = YES;
				CLANG_WARN_ENUM_CONVERSION = YES;
				CLANG_WARN_INFINITE_RECURSION = YES;
				CLANG_WARN_INT_CONVERSION = YES;
				CLANG_WARN_NON_LITERAL_NULL_CONVERSION = YES;
				CLANG_WARN_OBJC_IMPLICIT_RETAIN_SELF = YES;
				CLANG_WARN_OBJC_LITERAL_CONVERSION = YES;
				CLANG_WARN_OBJC_ROOT_CLASS = YES_ERROR;
				CLANG_WARN_QUOTED_INCLUDE_IN_FRAMEWORK_HEADER = YES;
				CLANG_WARN_RANGE_LOOP_ANALYSIS = YES;
				CLANG_WARN_STRICT_PROTOTYPES = YES;
				CLANG_WARN_SUSPICIOUS_MOVE = YES;
				CLANG_WARN_UNGUARDED_AVAILABILITY = YES_AGGRESSIVE;
				CLANG_WARN_UNREACHABLE_CODE = YES;
				CLANG_WARN__DUPLICATE_METHOD_MATCH = YES;
				COPY_PHASE_STRIP = NO;
				DEBUG_INFORMATION_FORMAT = dwarf;
				ENABLE_STRICT_OBJC_MSGSEND = YES;
				ENABLE_TESTABILITY = YES;
				ENABLE_USER_SCRIPT_SANDBOXING = YES;
				GCC_C_LANGUAGE_STANDARD = gnu17;
				GCC_DYNAMIC_NO_PIC = NO;
				GCC_NO_COMMON_BLOCKS = YES;
				GCC_OPTIMIZATION_LEVEL = 0;
				GCC_PREPROCESSOR_DEFINITIONS = (
					"DEBUG=1",
					"$(inherited)",
				);
				GCC_WARN_64_TO_32_BIT_CONVERSION = YES;
				GCC_WARN_ABOUT_RETURN_TYPE = YES_ERROR;
				GCC_WARN_UNDECLARED_SELECTOR = YES;
				GCC_WARN_UNINITIALIZED_AUTOS = YES_AGGRESSIVE;
				GCC_WARN_UNUSED_FUNCTION = YES;
				GCC_WARN_UNUSED_VARIABLE = YES;
				IPHONEOS_DEPLOYMENT_TARGET = 17.2;
				LOCALIZATION_PREFERS_STRING_CATALOGS = YES;
				MTL_ENABLE_DEBUG_INFO = INCLUDE_SOURCE;
				MTL_FAST_MATH = YES;
				ONLY_ACTIVE_ARCH = YES;
				SDKROOT = iphoneos;
				SWIFT_ACTIVE_COMPILATION_CONDITIONS = "DEBUG $(inherited)";
				SWIFT_OPTIMIZATION_LEVEL = "-Onone";
			};
			name = Debug;
		};
		8416C90A2B54356F006D2509 /* Release */ = {
			isa = XCBuildConfiguration;
			buildSettings = {
				ALWAYS_SEARCH_USER_PATHS = NO;
				ASSETCATALOG_COMPILER_GENERATE_SWIFT_ASSET_SYMBOL_EXTENSIONS = YES;
				CLANG_ANALYZER_NONNULL = YES;
				CLANG_ANALYZER_NUMBER_OBJECT_CONVERSION = YES_AGGRESSIVE;
				CLANG_CXX_LANGUAGE_STANDARD = "gnu++20";
				CLANG_ENABLE_MODULES = YES;
				CLANG_ENABLE_OBJC_ARC = YES;
				CLANG_ENABLE_OBJC_WEAK = YES;
				CLANG_WARN_BLOCK_CAPTURE_AUTORELEASING = YES;
				CLANG_WARN_BOOL_CONVERSION = YES;
				CLANG_WARN_COMMA = YES;
				CLANG_WARN_CONSTANT_CONVERSION = YES;
				CLANG_WARN_DEPRECATED_OBJC_IMPLEMENTATIONS = YES;
				CLANG_WARN_DIRECT_OBJC_ISA_USAGE = YES_ERROR;
				CLANG_WARN_DOCUMENTATION_COMMENTS = YES;
				CLANG_WARN_EMPTY_BODY = YES;
				CLANG_WARN_ENUM_CONVERSION = YES;
				CLANG_WARN_INFINITE_RECURSION = YES;
				CLANG_WARN_INT_CONVERSION = YES;
				CLANG_WARN_NON_LITERAL_NULL_CONVERSION = YES;
				CLANG_WARN_OBJC_IMPLICIT_RETAIN_SELF = YES;
				CLANG_WARN_OBJC_LITERAL_CONVERSION = YES;
				CLANG_WARN_OBJC_ROOT_CLASS = YES_ERROR;
				CLANG_WARN_QUOTED_INCLUDE_IN_FRAMEWORK_HEADER = YES;
				CLANG_WARN_RANGE_LOOP_ANALYSIS = YES;
				CLANG_WARN_STRICT_PROTOTYPES = YES;
				CLANG_WARN_SUSPICIOUS_MOVE = YES;
				CLANG_WARN_UNGUARDED_AVAILABILITY = YES_AGGRESSIVE;
				CLANG_WARN_UNREACHABLE_CODE = YES;
				CLANG_WARN__DUPLICATE_METHOD_MATCH = YES;
				COPY_PHASE_STRIP = NO;
				DEBUG_INFORMATION_FORMAT = "dwarf-with-dsym";
				ENABLE_NS_ASSERTIONS = NO;
				ENABLE_STRICT_OBJC_MSGSEND = YES;
				ENABLE_USER_SCRIPT_SANDBOXING = YES;
				GCC_C_LANGUAGE_STANDARD = gnu17;
				GCC_NO_COMMON_BLOCKS = YES;
				GCC_WARN_64_TO_32_BIT_CONVERSION = YES;
				GCC_WARN_ABOUT_RETURN_TYPE = YES_ERROR;
				GCC_WARN_UNDECLARED_SELECTOR = YES;
				GCC_WARN_UNINITIALIZED_AUTOS = YES_AGGRESSIVE;
				GCC_WARN_UNUSED_FUNCTION = YES;
				GCC_WARN_UNUSED_VARIABLE = YES;
				IPHONEOS_DEPLOYMENT_TARGET = 17.2;
				LOCALIZATION_PREFERS_STRING_CATALOGS = YES;
				MTL_ENABLE_DEBUG_INFO = NO;
				MTL_FAST_MATH = YES;
				SDKROOT = iphoneos;
				SWIFT_COMPILATION_MODE = wholemodule;
				VALIDATE_PRODUCT = YES;
			};
			name = Release;
		};
		8416C90C2B54356F006D2509 /* Debug */ = {
			isa = XCBuildConfiguration;
			buildSettings = {
				ASSETCATALOG_COMPILER_APPICON_NAME = AppIcon;
				ASSETCATALOG_COMPILER_GLOBAL_ACCENT_COLOR_NAME = AccentColor;
				CODE_SIGN_STYLE = Automatic;
				CURRENT_PROJECT_VERSION = 1;
				DEVELOPMENT_ASSET_PATHS = "\"EILAT/Preview Content\"";
				DEVELOPMENT_TEAM = B34DZLGQ5P;
				ENABLE_PREVIEWS = YES;
				GENERATE_INFOPLIST_FILE = YES;
				INFOPLIST_KEY_UIApplicationSceneManifest_Generation = YES;
				INFOPLIST_KEY_UIApplicationSupportsIndirectInputEvents = YES;
				INFOPLIST_KEY_UILaunchScreen_Generation = YES;
				INFOPLIST_KEY_UISupportedInterfaceOrientations_iPad = "UIInterfaceOrientationPortrait UIInterfaceOrientationPortraitUpsideDown UIInterfaceOrientationLandscapeLeft UIInterfaceOrientationLandscapeRight";
				INFOPLIST_KEY_UISupportedInterfaceOrientations_iPhone = "UIInterfaceOrientationPortrait UIInterfaceOrientationLandscapeLeft UIInterfaceOrientationLandscapeRight";
				LD_RUNPATH_SEARCH_PATHS = (
					"$(inherited)",
					"@executable_path/Frameworks",
				);
				MARKETING_VERSION = 1.0;
				PRODUCT_BUNDLE_IDENTIFIER = Personal.EILAT;
				PRODUCT_NAME = "$(TARGET_NAME)";
				SWIFT_EMIT_LOC_STRINGS = YES;
				SWIFT_VERSION = 5.0;
				TARGETED_DEVICE_FAMILY = "1,2";
			};
			name = Debug;
		};
		8416C90D2B54356F006D2509 /* Release */ = {
			isa = XCBuildConfiguration;
			buildSettings = {
				ASSETCATALOG_COMPILER_APPICON_NAME = AppIcon;
				ASSETCATALOG_COMPILER_GLOBAL_ACCENT_COLOR_NAME = AccentColor;
				CODE_SIGN_STYLE = Automatic;
				CURRENT_PROJECT_VERSION = 1;
				DEVELOPMENT_ASSET_PATHS = "\"EILAT/Preview Content\"";
				DEVELOPMENT_TEAM = B34DZLGQ5P;
				ENABLE_PREVIEWS = YES;
				GENERATE_INFOPLIST_FILE = YES;
				INFOPLIST_KEY_UIApplicationSceneManifest_Generation = YES;
				INFOPLIST_KEY_UIApplicationSupportsIndirectInputEvents = YES;
				INFOPLIST_KEY_UILaunchScreen_Generation = YES;
				INFOPLIST_KEY_UISupportedInterfaceOrientations_iPad = "UIInterfaceOrientationPortrait UIInterfaceOrientationPortraitUpsideDown UIInterfaceOrientationLandscapeLeft UIInterfaceOrientationLandscapeRight";
				INFOPLIST_KEY_UISupportedInterfaceOrientations_iPhone = "UIInterfaceOrientationPortrait UIInterfaceOrientationLandscapeLeft UIInterfaceOrientationLandscapeRight";
				LD_RUNPATH_SEARCH_PATHS = (
					"$(inherited)",
					"@executable_path/Frameworks",
				);
				MARKETING_VERSION = 1.0;
				PRODUCT_BUNDLE_IDENTIFIER = Personal.EILAT;
				PRODUCT_NAME = "$(TARGET_NAME)";
				SWIFT_EMIT_LOC_STRINGS = YES;
				SWIFT_VERSION = 5.0;
				TARGETED_DEVICE_FAMILY = "1,2";
			};
			name = Release;
		};
		8416C90F2B54356F006D2509 /* Debug */ = {
			isa = XCBuildConfiguration;
			buildSettings = {
				ALWAYS_EMBED_SWIFT_STANDARD_LIBRARIES = YES;
				BUNDLE_LOADER = "$(TEST_HOST)";
				CODE_SIGN_STYLE = Automatic;
				CURRENT_PROJECT_VERSION = 1;
				DEVELOPMENT_TEAM = B34DZLGQ5P;
				GENERATE_INFOPLIST_FILE = YES;
				IPHONEOS_DEPLOYMENT_TARGET = 17.2;
				MARKETING_VERSION = 1.0;
				PRODUCT_BUNDLE_IDENTIFIER = Personal.EILATTests;
				PRODUCT_NAME = "$(TARGET_NAME)";
				SWIFT_EMIT_LOC_STRINGS = NO;
				SWIFT_VERSION = 5.0;
				TARGETED_DEVICE_FAMILY = "1,2";
				TEST_HOST = "$(BUILT_PRODUCTS_DIR)/EILAT.app/$(BUNDLE_EXECUTABLE_FOLDER_PATH)/EILAT";
			};
			name = Debug;
		};
		8416C9102B54356F006D2509 /* Release */ = {
			isa = XCBuildConfiguration;
			buildSettings = {
				ALWAYS_EMBED_SWIFT_STANDARD_LIBRARIES = YES;
				BUNDLE_LOADER = "$(TEST_HOST)";
				CODE_SIGN_STYLE = Automatic;
				CURRENT_PROJECT_VERSION = 1;
				DEVELOPMENT_TEAM = B34DZLGQ5P;
				GENERATE_INFOPLIST_FILE = YES;
				IPHONEOS_DEPLOYMENT_TARGET = 17.2;
				MARKETING_VERSION = 1.0;
				PRODUCT_BUNDLE_IDENTIFIER = Personal.EILATTests;
				PRODUCT_NAME = "$(TARGET_NAME)";
				SWIFT_EMIT_LOC_STRINGS = NO;
				SWIFT_VERSION = 5.0;
				TARGETED_DEVICE_FAMILY = "1,2";
				TEST_HOST = "$(BUILT_PRODUCTS_DIR)/EILAT.app/$(BUNDLE_EXECUTABLE_FOLDER_PATH)/EILAT";
			};
			name = Release;
		};
		8416C9122B54356F006D2509 /* Debug */ = {
			isa = XCBuildConfiguration;
			buildSettings = {
				ALWAYS_EMBED_SWIFT_STANDARD_LIBRARIES = YES;
				CODE_SIGN_STYLE = Automatic;
				CURRENT_PROJECT_VERSION = 1;
				DEVELOPMENT_TEAM = B34DZLGQ5P;
				GENERATE_INFOPLIST_FILE = YES;
				MARKETING_VERSION = 1.0;
				PRODUCT_BUNDLE_IDENTIFIER = Personal.EILATUITests;
				PRODUCT_NAME = "$(TARGET_NAME)";
				SWIFT_EMIT_LOC_STRINGS = NO;
				SWIFT_VERSION = 5.0;
				TARGETED_DEVICE_FAMILY = "1,2";
				TEST_TARGET_NAME = EILAT;
			};
			name = Debug;
		};
		8416C9132B54356F006D2509 /* Release */ = {
			isa = XCBuildConfiguration;
			buildSettings = {
				ALWAYS_EMBED_SWIFT_STANDARD_LIBRARIES = YES;
				CODE_SIGN_STYLE = Automatic;
				CURRENT_PROJECT_VERSION = 1;
				DEVELOPMENT_TEAM = B34DZLGQ5P;
				GENERATE_INFOPLIST_FILE = YES;
				MARKETING_VERSION = 1.0;
				PRODUCT_BUNDLE_IDENTIFIER = Personal.EILATUITests;
				PRODUCT_NAME = "$(TARGET_NAME)";
				SWIFT_EMIT_LOC_STRINGS = NO;
				SWIFT_VERSION = 5.0;
				TARGETED_DEVICE_FAMILY = "1,2";
				TEST_TARGET_NAME = EILAT;
			};
			name = Release;
		};
/* End XCBuildConfiguration section */

/* Begin XCConfigurationList section */
		8416C8E22B54356D006D2509 /* Build configuration list for PBXProject "EILAT" */ = {
			isa = XCConfigurationList;
			buildConfigurations = (
				8416C9092B54356F006D2509 /* Debug */,
				8416C90A2B54356F006D2509 /* Release */,
			);
			defaultConfigurationIsVisible = 0;
			defaultConfigurationName = Release;
		};
		8416C90B2B54356F006D2509 /* Build configuration list for PBXNativeTarget "EILAT" */ = {
			isa = XCConfigurationList;
			buildConfigurations = (
				8416C90C2B54356F006D2509 /* Debug */,
				8416C90D2B54356F006D2509 /* Release */,
			);
			defaultConfigurationIsVisible = 0;
			defaultConfigurationName = Release;
		};
		8416C90E2B54356F006D2509 /* Build configuration list for PBXNativeTarget "EILATTests" */ = {
			isa = XCConfigurationList;
			buildConfigurations = (
				8416C90F2B54356F006D2509 /* Debug */,
				8416C9102B54356F006D2509 /* Release */,
			);
			defaultConfigurationIsVisible = 0;
			defaultConfigurationName = Release;
		};
		8416C9112B54356F006D2509 /* Build configuration list for PBXNativeTarget "EILATUITests" */ = {
			isa = XCConfigurationList;
			buildConfigurations = (
				8416C9122B54356F006D2509 /* Debug */,
				8416C9132B54356F006D2509 /* Release */,
			);
			defaultConfigurationIsVisible = 0;
			defaultConfigurationName = Release;
		};
/* End XCConfigurationList section */
	};
	rootObject = 8416C8DF2B54356D006D2509 /* Project object */;
}
